
Microsoft Visual Studio Solution File, Format Version 12.00
# Visual Studio Version 17
VisualStudioVersion = 17.8.34330.188
MinimumVisualStudioVersion = 10.0.40219.1
Project("{9A19103F-16F7-4668-BE54-9A1E7A4F7556}") = "TP01EF2024.Entidades", "TP01EF2024.Entidades\TP01EF2024.Entidades.csproj", "{3711A7B1-3D08-4E84-8C77-83C154784516}"
EndProject
Project("{9A19103F-16F7-4668-BE54-9A1E7A4F7556}") = "TP01EF2024.Datos", "TP01EF2024.Datos\TP01EF2024.Datos.csproj", "{C35B1185-5413-4F6D-8391-9BC31DE765DF}"
EndProject
Project("{9A19103F-16F7-4668-BE54-9A1E7A4F7556}") = "TP01EF2024.Servicios", "TP01EF2024.Servicios\TP01EF2024.Servicios.csproj", "{F6572C6A-B405-403F-ABF8-62AB0002B23C}"
EndProject
Project("{9A19103F-16F7-4668-BE54-9A1E7A4F7556}") = "TP01EF2024.InversionOfControl", "TP01EF2024.InversionOfControl\TP01EF2024.InversionOfControl.csproj", "{D0200E85-D45D-43E3-8A24-9932B51920B2}"
EndProject
Project("{9A19103F-16F7-4668-BE54-9A1E7A4F7556}") = "TP01EF2024.Shared", "TP01EF2024.Shared\TP01EF2024.Shared.csproj", "{BA560C9C-EC9A-4733-B3E7-FA1D10C26CCC}"
EndProject
Project("{9A19103F-16F7-4668-BE54-9A1E7A4F7556}") = "TP01EF2024.Windows", "TP01EF2024.Windows\TP01EF2024.Windows.csproj", "{0992E741-2660-43D0-B3DB-F05B2A01A43C}"
EndProject
Global
	GlobalSection(SolutionConfigurationPlatforms) = preSolution
		Debug|Any CPU = Debug|Any CPU
		Release|Any CPU = Release|Any CPU
	EndGlobalSection
	GlobalSection(ProjectConfigurationPlatforms) = postSolution
		{3711A7B1-3D08-4E84-8C77-83C154784516}.Debug|Any CPU.ActiveCfg = Debug|Any CPU
		{3711A7B1-3D08-4E84-8C77-83C154784516}.Debug|Any CPU.Build.0 = Debug|Any CPU
		{3711A7B1-3D08-4E84-8C77-83C154784516}.Release|Any CPU.ActiveCfg = Release|Any CPU
		{3711A7B1-3D08-4E84-8C77-83C154784516}.Release|Any CPU.Build.0 = Release|Any CPU
		{C35B1185-5413-4F6D-8391-9BC31DE765DF}.Debug|Any CPU.ActiveCfg = Debug|Any CPU
		{C35B1185-5413-4F6D-8391-9BC31DE765DF}.Debug|Any CPU.Build.0 = Debug|Any CPU
		{C35B1185-5413-4F6D-8391-9BC31DE765DF}.Release|Any CPU.ActiveCfg = Release|Any CPU
		{C35B1185-5413-4F6D-8391-9BC31DE765DF}.Release|Any CPU.Build.0 = Release|Any CPU
		{F6572C6A-B405-403F-ABF8-62AB0002B23C}.Debug|Any CPU.ActiveCfg = Debug|Any CPU
		{F6572C6A-B405-403F-ABF8-62AB0002B23C}.Debug|Any CPU.Build.0 = Debug|Any CPU
		{F6572C6A-B405-403F-ABF8-62AB0002B23C}.Release|Any CPU.ActiveCfg = Release|Any CPU
		{F6572C6A-B405-403F-ABF8-62AB0002B23C}.Release|Any CPU.Build.0 = Release|Any CPU
		{D0200E85-D45D-43E3-8A24-9932B51920B2}.Debug|Any CPU.ActiveCfg = Debug|Any CPU
		{D0200E85-D45D-43E3-8A24-9932B51920B2}.Debug|Any CPU.Build.0 = Debug|Any CPU
		{D0200E85-D45D-43E3-8A24-9932B51920B2}.Release|Any CPU.ActiveCfg = Release|Any CPU
		{D0200E85-D45D-43E3-8A24-9932B51920B2}.Release|Any CPU.Build.0 = Release|Any CPU
		{BA560C9C-EC9A-4733-B3E7-FA1D10C26CCC}.Debug|Any CPU.ActiveCfg = Debug|Any CPU
		{BA560C9C-EC9A-4733-B3E7-FA1D10C26CCC}.Debug|Any CPU.Build.0 = Debug|Any CPU
		{BA560C9C-EC9A-4733-B3E7-FA1D10C26CCC}.Release|Any CPU.ActiveCfg = Release|Any CPU
		{BA560C9C-EC9A-4733-B3E7-FA1D10C26CCC}.Release|Any CPU.Build.0 = Release|Any CPU
		{0992E741-2660-43D0-B3DB-F05B2A01A43C}.Debug|Any CPU.ActiveCfg = Debug|Any CPU
		{0992E741-2660-43D0-B3DB-F05B2A01A43C}.Debug|Any CPU.Build.0 = Debug|Any CPU
		{0992E741-2660-43D0-B3DB-F05B2A01A43C}.Release|Any CPU.ActiveCfg = Release|Any CPU
		{0992E741-2660-43D0-B3DB-F05B2A01A43C}.Release|Any CPU.Build.0 = Release|Any CPU
	EndGlobalSection
	GlobalSection(SolutionProperties) = preSolution
		HideSolutionNode = FALSE
	EndGlobalSection
	GlobalSection(ExtensibilityGlobals) = postSolution
		SolutionGuid = {878C831C-0E05-427B-878C-8888F6198710}
	EndGlobalSection
EndGlobal
